
Microsoft Visual Studio Solution File, Format Version 12.00
# Visual Studio Version 17
VisualStudioVersion = 17.13.35913.81 d17.13
MinimumVisualStudioVersion = 10.0.40219.1
Project("{54A90642-561A-4BB1-A94E-469ADEE60C69}") = "tic-tac-toe.client", "tic-tac-toe.client\tic-tac-toe.client.esproj", "{12D18282-52FD-B89A-AF9B-0897765BC17B}"
EndProject
Project("{FAE04EC0-301F-11D3-BF4B-00C04F79EFBC}") = "tic-tac-toe.Server", "tic-tac-toe.Server\tic-tac-toe.Server.csproj", "{3C001FB5-2167-4C6F-B206-B2CA0B136DA2}"
EndProject
Global
	GlobalSection(SolutionConfigurationPlatforms) = preSolution
		Debug|Any CPU = Debug|Any CPU
		Release|Any CPU = Release|Any CPU
	EndGlobalSection
	GlobalSection(ProjectConfigurationPlatforms) = postSolution
		{12D18282-52FD-B89A-AF9B-0897765BC17B}.Debug|Any CPU.ActiveCfg = Debug|Any CPU
		{12D18282-52FD-B89A-AF9B-0897765BC17B}.Debug|Any CPU.Build.0 = Debug|Any CPU
		{12D18282-52FD-B89A-AF9B-0897765BC17B}.Debug|Any CPU.Deploy.0 = Debug|Any CPU
		{12D18282-52FD-B89A-AF9B-0897765BC17B}.Release|Any CPU.ActiveCfg = Release|Any CPU
		{12D18282-52FD-B89A-AF9B-0897765BC17B}.Release|Any CPU.Build.0 = Release|Any CPU
		{12D18282-52FD-B89A-AF9B-0897765BC17B}.Release|Any CPU.Deploy.0 = Release|Any CPU
		{3C001FB5-2167-4C6F-B206-B2CA0B136DA2}.Debug|Any CPU.ActiveCfg = Debug|Any CPU
		{3C001FB5-2167-4C6F-B206-B2CA0B136DA2}.Debug|Any CPU.Build.0 = Debug|Any CPU
		{3C001FB5-2167-4C6F-B206-B2CA0B136DA2}.Release|Any CPU.ActiveCfg = Release|Any CPU
		{3C001FB5-2167-4C6F-B206-B2CA0B136DA2}.Release|Any CPU.Build.0 = Release|Any CPU
	EndGlobalSection
	GlobalSection(SolutionProperties) = preSolution
		HideSolutionNode = FALSE
	EndGlobalSection
	GlobalSection(ExtensibilityGlobals) = postSolution
		SolutionGuid = {8A23C004-60D7-4AAE-9BE2-C7799627B29F}
	EndGlobalSection
EndGlobal
